// !$*UTF8*$!
{
	archiveVersion = 1;
	classes = {
	};
	objectVersion = 56;
	objects = {

/* Begin PBXBuildFile section */
		C58062A1296CD23A0028A2D3 /* CarouselButtonModel.swift in Sources */ = {isa = PBXBuildFile; fileRef = C58062A0296CD23A0028A2D3 /* CarouselButtonModel.swift */; };
		C58062A3296CD6520028A2D3 /* HorizontalSearchCell.swift in Sources */ = {isa = PBXBuildFile; fileRef = C58062A2296CD6520028A2D3 /* HorizontalSearchCell.swift */; };
		C583A926296A56DA00B416A6 /* AppDelegate.swift in Sources */ = {isa = PBXBuildFile; fileRef = C583A925296A56DA00B416A6 /* AppDelegate.swift */; };
		C583A928296A56DA00B416A6 /* SceneDelegate.swift in Sources */ = {isa = PBXBuildFile; fileRef = C583A927296A56DA00B416A6 /* SceneDelegate.swift */; };
		C583A92A296A56DA00B416A6 /* MainViewController.swift in Sources */ = {isa = PBXBuildFile; fileRef = C583A929296A56DA00B416A6 /* MainViewController.swift */; };
		C583A92F296A56DC00B416A6 /* Assets.xcassets in Resources */ = {isa = PBXBuildFile; fileRef = C583A92E296A56DC00B416A6 /* Assets.xcassets */; };
		C583A932296A56DC00B416A6 /* LaunchScreen.storyboard in Resources */ = {isa = PBXBuildFile; fileRef = C583A930296A56DC00B416A6 /* LaunchScreen.storyboard */; };
		C583A93A296A5E8900B416A6 /* BottomSheetViewController.swift in Sources */ = {isa = PBXBuildFile; fileRef = C583A939296A5E8900B416A6 /* BottomSheetViewController.swift */; };
		C583A93E296A86DA00B416A6 /* UICollectionViewReusableView+Extension.swift in Sources */ = {isa = PBXBuildFile; fileRef = C583A93D296A86DA00B416A6 /* UICollectionViewReusableView+Extension.swift */; };
		C583A941296A88D000B416A6 /* CarouselButtonCell.swift in Sources */ = {isa = PBXBuildFile; fileRef = C583A940296A88D000B416A6 /* CarouselButtonCell.swift */; };
		C583A943296A8A0200B416A6 /* UIStackView+Extensions.swift in Sources */ = {isa = PBXBuildFile; fileRef = C583A942296A8A0200B416A6 /* UIStackView+Extensions.swift */; };
		C583A949296B47D300B416A6 /* BottomSheetControllerViewModel.swift in Sources */ = {isa = PBXBuildFile; fileRef = C583A948296B47D300B416A6 /* BottomSheetControllerViewModel.swift */; };
		C583A94B296B524000B416A6 /* HorizontalSearchType.swift in Sources */ = {isa = PBXBuildFile; fileRef = C583A94A296B524000B416A6 /* HorizontalSearchType.swift */; };
		C583A94D296B524700B416A6 /* HorizontalSearchModel.swift in Sources */ = {isa = PBXBuildFile; fileRef = C583A94C296B524700B416A6 /* HorizontalSearchModel.swift */; };
		C5EE4033296D100B00BA691B /* ListStyleCollectionViewHeader.swift in Sources */ = {isa = PBXBuildFile; fileRef = C5EE4032296D100B00BA691B /* ListStyleCollectionViewHeader.swift */; };
		C5EE4037296DC08A00BA691B /* SearchBarCell.swift in Sources */ = {isa = PBXBuildFile; fileRef = C5EE4036296DC08A00BA691B /* SearchBarCell.swift */; };
		C5EE4039296DC4B500BA691B /* SelectionViewController.swift in Sources */ = {isa = PBXBuildFile; fileRef = C5EE4038296DC4B500BA691B /* SelectionViewController.swift */; };
		C5EE403C296DC70D00BA691B /* AppleMapUIView.swift in Sources */ = {isa = PBXBuildFile; fileRef = C5EE403B296DC70D00BA691B /* AppleMapUIView.swift */; };
		C5EE403E296DC71400BA691B /* BottomSheetMainView.swift in Sources */ = {isa = PBXBuildFile; fileRef = C5EE403D296DC71400BA691B /* BottomSheetMainView.swift */; };
		C5EE4043296DC71B00BA691B /* HorizontalButtonView.swift in Sources */ = {isa = PBXBuildFile; fileRef = C5EE4040296DC71B00BA691B /* HorizontalButtonView.swift */; };
		C5EE4044296DC71B00BA691B /* SearchBarView.swift in Sources */ = {isa = PBXBuildFile; fileRef = C5EE4041296DC71B00BA691B /* SearchBarView.swift */; };
		C5EE4045296DC71B00BA691B /* HorizontalSearchListRow.swift in Sources */ = {isa = PBXBuildFile; fileRef = C5EE4042296DC71B00BA691B /* HorizontalSearchListRow.swift */; };
		C5EE4047296DC72400BA691B /* MainViewModel.swift in Sources */ = {isa = PBXBuildFile; fileRef = C5EE4046296DC72400BA691B /* MainViewModel.swift */; };
		C5EE4049296DC72F00BA691B /* CustomPresentationDetents.swift in Sources */ = {isa = PBXBuildFile; fileRef = C5EE4048296DC72F00BA691B /* CustomPresentationDetents.swift */; };
		C5EE404B296E368900BA691B /* NotificationName+Extension.swift in Sources */ = {isa = PBXBuildFile; fileRef = C5EE404A296E368900BA691B /* NotificationName+Extension.swift */; };
		C5EE404D296E4D8D00BA691B /* MainViewControllerViewModel.swift in Sources */ = {isa = PBXBuildFile; fileRef = C5EE404C296E4D8D00BA691B /* MainViewControllerViewModel.swift */; };
		C5EE4050296E59B800BA691B /* MapButtons.swift in Sources */ = {isa = PBXBuildFile; fileRef = C5EE404F296E59B800BA691B /* MapButtons.swift */; };
		C5EE4052296E5A2400BA691B /* MapButtonSingleView.swift in Sources */ = {isa = PBXBuildFile; fileRef = C5EE4051296E5A2400BA691B /* MapButtonSingleView.swift */; };
/* End PBXBuildFile section */

/* Begin PBXFileReference section */
		C58062A0296CD23A0028A2D3 /* CarouselButtonModel.swift */ = {isa = PBXFileReference; lastKnownFileType = sourcecode.swift; path = CarouselButtonModel.swift; sourceTree = "<group>"; };
		C58062A2296CD6520028A2D3 /* HorizontalSearchCell.swift */ = {isa = PBXFileReference; lastKnownFileType = sourcecode.swift; path = HorizontalSearchCell.swift; sourceTree = "<group>"; };
		C583A922296A56DA00B416A6 /* AppleMapUIKit.app */ = {isa = PBXFileReference; explicitFileType = wrapper.application; includeInIndex = 0; path = AppleMapUIKit.app; sourceTree = BUILT_PRODUCTS_DIR; };
		C583A925296A56DA00B416A6 /* AppDelegate.swift */ = {isa = PBXFileReference; lastKnownFileType = sourcecode.swift; path = AppDelegate.swift; sourceTree = "<group>"; };
		C583A927296A56DA00B416A6 /* SceneDelegate.swift */ = {isa = PBXFileReference; lastKnownFileType = sourcecode.swift; path = SceneDelegate.swift; sourceTree = "<group>"; };
		C583A929296A56DA00B416A6 /* MainViewController.swift */ = {isa = PBXFileReference; lastKnownFileType = sourcecode.swift; path = MainViewController.swift; sourceTree = "<group>"; };
		C583A92E296A56DC00B416A6 /* Assets.xcassets */ = {isa = PBXFileReference; lastKnownFileType = folder.assetcatalog; path = Assets.xcassets; sourceTree = "<group>"; };
		C583A931296A56DC00B416A6 /* Base */ = {isa = PBXFileReference; lastKnownFileType = file.storyboard; name = Base; path = Base.lproj/LaunchScreen.storyboard; sourceTree = "<group>"; };
		C583A933296A56DC00B416A6 /* Info.plist */ = {isa = PBXFileReference; lastKnownFileType = text.plist.xml; path = Info.plist; sourceTree = "<group>"; };
		C583A939296A5E8900B416A6 /* BottomSheetViewController.swift */ = {isa = PBXFileReference; lastKnownFileType = sourcecode.swift; path = BottomSheetViewController.swift; sourceTree = "<group>"; };
		C583A93D296A86DA00B416A6 /* UICollectionViewReusableView+Extension.swift */ = {isa = PBXFileReference; lastKnownFileType = sourcecode.swift; path = "UICollectionViewReusableView+Extension.swift"; sourceTree = "<group>"; };
		C583A940296A88D000B416A6 /* CarouselButtonCell.swift */ = {isa = PBXFileReference; lastKnownFileType = sourcecode.swift; path = CarouselButtonCell.swift; sourceTree = "<group>"; };
		C583A942296A8A0200B416A6 /* UIStackView+Extensions.swift */ = {isa = PBXFileReference; lastKnownFileType = sourcecode.swift; path = "UIStackView+Extensions.swift"; sourceTree = "<group>"; };
		C583A948296B47D300B416A6 /* BottomSheetControllerViewModel.swift */ = {isa = PBXFileReference; lastKnownFileType = sourcecode.swift; path = BottomSheetControllerViewModel.swift; sourceTree = "<group>"; };
		C583A94A296B524000B416A6 /* HorizontalSearchType.swift */ = {isa = PBXFileReference; fileEncoding = 4; lastKnownFileType = sourcecode.swift; path = HorizontalSearchType.swift; sourceTree = "<group>"; };
		C583A94C296B524700B416A6 /* HorizontalSearchModel.swift */ = {isa = PBXFileReference; fileEncoding = 4; lastKnownFileType = sourcecode.swift; path = HorizontalSearchModel.swift; sourceTree = "<group>"; };
		C5EE4032296D100B00BA691B /* ListStyleCollectionViewHeader.swift */ = {isa = PBXFileReference; lastKnownFileType = sourcecode.swift; path = ListStyleCollectionViewHeader.swift; sourceTree = "<group>"; };
		C5EE4036296DC08A00BA691B /* SearchBarCell.swift */ = {isa = PBXFileReference; lastKnownFileType = sourcecode.swift; path = SearchBarCell.swift; sourceTree = "<group>"; };
		C5EE4038296DC4B500BA691B /* SelectionViewController.swift */ = {isa = PBXFileReference; lastKnownFileType = sourcecode.swift; path = SelectionViewController.swift; sourceTree = "<group>"; };
		C5EE403B296DC70D00BA691B /* AppleMapUIView.swift */ = {isa = PBXFileReference; fileEncoding = 4; lastKnownFileType = sourcecode.swift; path = AppleMapUIView.swift; sourceTree = "<group>"; };
		C5EE403D296DC71400BA691B /* BottomSheetMainView.swift */ = {isa = PBXFileReference; fileEncoding = 4; lastKnownFileType = sourcecode.swift; path = BottomSheetMainView.swift; sourceTree = "<group>"; };
		C5EE4040296DC71B00BA691B /* HorizontalButtonView.swift */ = {isa = PBXFileReference; fileEncoding = 4; lastKnownFileType = sourcecode.swift; path = HorizontalButtonView.swift; sourceTree = "<group>"; };
		C5EE4041296DC71B00BA691B /* SearchBarView.swift */ = {isa = PBXFileReference; fileEncoding = 4; lastKnownFileType = sourcecode.swift; path = SearchBarView.swift; sourceTree = "<group>"; };
		C5EE4042296DC71B00BA691B /* HorizontalSearchListRow.swift */ = {isa = PBXFileReference; fileEncoding = 4; lastKnownFileType = sourcecode.swift; path = HorizontalSearchListRow.swift; sourceTree = "<group>"; };
		C5EE4046296DC72400BA691B /* MainViewModel.swift */ = {isa = PBXFileReference; fileEncoding = 4; lastKnownFileType = sourcecode.swift; path = MainViewModel.swift; sourceTree = "<group>"; };
		C5EE4048296DC72F00BA691B /* CustomPresentationDetents.swift */ = {isa = PBXFileReference; fileEncoding = 4; lastKnownFileType = sourcecode.swift; path = CustomPresentationDetents.swift; sourceTree = "<group>"; };
		C5EE404A296E368900BA691B /* NotificationName+Extension.swift */ = {isa = PBXFileReference; lastKnownFileType = sourcecode.swift; path = "NotificationName+Extension.swift"; sourceTree = "<group>"; };
		C5EE404C296E4D8D00BA691B /* MainViewControllerViewModel.swift */ = {isa = PBXFileReference; lastKnownFileType = sourcecode.swift; path = MainViewControllerViewModel.swift; sourceTree = "<group>"; };
		C5EE404F296E59B800BA691B /* MapButtons.swift */ = {isa = PBXFileReference; lastKnownFileType = sourcecode.swift; path = MapButtons.swift; sourceTree = "<group>"; };
		C5EE4051296E5A2400BA691B /* MapButtonSingleView.swift */ = {isa = PBXFileReference; lastKnownFileType = sourcecode.swift; path = MapButtonSingleView.swift; sourceTree = "<group>"; };
/* End PBXFileReference section */

/* Begin PBXFrameworksBuildPhase section */
		C583A91F296A56DA00B416A6 /* Frameworks */ = {
			isa = PBXFrameworksBuildPhase;
			buildActionMask = 2147483647;
			files = (
			);
			runOnlyForDeploymentPostprocessing = 0;
		};
/* End PBXFrameworksBuildPhase section */

/* Begin PBXGroup section */
		C580629F296CD22A0028A2D3 /* Model */ = {
			isa = PBXGroup;
			children = (
				C5EE4048296DC72F00BA691B /* CustomPresentationDetents.swift */,
				C583A94A296B524000B416A6 /* HorizontalSearchType.swift */,
				C58062A0296CD23A0028A2D3 /* CarouselButtonModel.swift */,
				C583A94C296B524700B416A6 /* HorizontalSearchModel.swift */,
			);
			path = Model;
			sourceTree = "<group>";
		};
		C583A919296A56DA00B416A6 = {
			isa = PBXGroup;
			children = (
				C583A924296A56DA00B416A6 /* AppleMapUIKit */,
				C583A923296A56DA00B416A6 /* Products */,
			);
			sourceTree = "<group>";
		};
		C583A923296A56DA00B416A6 /* Products */ = {
			isa = PBXGroup;
			children = (
				C583A922296A56DA00B416A6 /* AppleMapUIKit.app */,
			);
			name = Products;
			sourceTree = "<group>";
		};
		C583A924296A56DA00B416A6 /* AppleMapUIKit */ = {
			isa = PBXGroup;
			children = (
				C583A925296A56DA00B416A6 /* AppDelegate.swift */,
				C583A927296A56DA00B416A6 /* SceneDelegate.swift */,
				C5EE4038296DC4B500BA691B /* SelectionViewController.swift */,
				C5EE403A296DC6EA00BA691B /* SwiftUIVersion */,
				C5EE404E296E592A00BA691B /* UIKitVersion */,
				C580629F296CD22A0028A2D3 /* Model */,
				C583A93C296A86BE00B416A6 /* Utilities */,
				C583A92E296A56DC00B416A6 /* Assets.xcassets */,
				C583A930296A56DC00B416A6 /* LaunchScreen.storyboard */,
				C583A933296A56DC00B416A6 /* Info.plist */,
			);
			path = AppleMapUIKit;
			sourceTree = "<group>";
		};
		C583A93C296A86BE00B416A6 /* Utilities */ = {
			isa = PBXGroup;
			children = (
				C583A93D296A86DA00B416A6 /* UICollectionViewReusableView+Extension.swift */,
				C583A942296A8A0200B416A6 /* UIStackView+Extensions.swift */,
				C5EE404A296E368900BA691B /* NotificationName+Extension.swift */,
			);
			path = Utilities;
			sourceTree = "<group>";
		};
		C583A93F296A889B00B416A6 /* Cells */ = {
			isa = PBXGroup;
			children = (
				C583A940296A88D000B416A6 /* CarouselButtonCell.swift */,
				C5EE4036296DC08A00BA691B /* SearchBarCell.swift */,
				C58062A2296CD6520028A2D3 /* HorizontalSearchCell.swift */,
				C5EE4032296D100B00BA691B /* ListStyleCollectionViewHeader.swift */,
			);
			path = Cells;
			sourceTree = "<group>";
		};
		C5EE4031296D0B3700BA691B /* BottomSheet */ = {
			isa = PBXGroup;
			children = (
				C583A939296A5E8900B416A6 /* BottomSheetViewController.swift */,
				C583A948296B47D300B416A6 /* BottomSheetControllerViewModel.swift */,
				C583A93F296A889B00B416A6 /* Cells */,
			);
			path = BottomSheet;
			sourceTree = "<group>";
		};
		C5EE403A296DC6EA00BA691B /* SwiftUIVersion */ = {
			isa = PBXGroup;
			children = (
				C5EE403B296DC70D00BA691B /* AppleMapUIView.swift */,
				C5EE4046296DC72400BA691B /* MainViewModel.swift */,
				C5EE403D296DC71400BA691B /* BottomSheetMainView.swift */,
				C5EE403F296DC71B00BA691B /* Components */,
			);
			path = SwiftUIVersion;
			sourceTree = "<group>";
		};
		C5EE403F296DC71B00BA691B /* Components */ = {
			isa = PBXGroup;
			children = (
				C5EE4040296DC71B00BA691B /* HorizontalButtonView.swift */,
				C5EE404F296E59B800BA691B /* MapButtons.swift */,
				C5EE4051296E5A2400BA691B /* MapButtonSingleView.swift */,
				C5EE4041296DC71B00BA691B /* SearchBarView.swift */,
				C5EE4042296DC71B00BA691B /* HorizontalSearchListRow.swift */,
			);
			path = Components;
			sourceTree = "<group>";
		};
		C5EE404E296E592A00BA691B /* UIKitVersion */ = {
			isa = PBXGroup;
			children = (
				C583A929296A56DA00B416A6 /* MainViewController.swift */,
				C5EE404C296E4D8D00BA691B /* MainViewControllerViewModel.swift */,
				C5EE4031296D0B3700BA691B /* BottomSheet */,
			);
			path = UIKitVersion;
			sourceTree = "<group>";
		};
/* End PBXGroup section */

/* Begin PBXNativeTarget section */
		C583A921296A56DA00B416A6 /* AppleMapUIKit */ = {
			isa = PBXNativeTarget;
			buildConfigurationList = C583A936296A56DC00B416A6 /* Build configuration list for PBXNativeTarget "AppleMapUIKit" */;
			buildPhases = (
				C583A91E296A56DA00B416A6 /* Sources */,
				C583A91F296A56DA00B416A6 /* Frameworks */,
				C583A920296A56DA00B416A6 /* Resources */,
			);
			buildRules = (
			);
			dependencies = (
			);
			name = AppleMapUIKit;
			productName = AppleMapUIKit;
			productReference = C583A922296A56DA00B416A6 /* AppleMapUIKit.app */;
			productType = "com.apple.product-type.application";
		};
/* End PBXNativeTarget section */

/* Begin PBXProject section */
		C583A91A296A56DA00B416A6 /* Project object */ = {
			isa = PBXProject;
			attributes = {
				BuildIndependentTargetsInParallel = 1;
				LastSwiftUpdateCheck = 1410;
				LastUpgradeCheck = 1410;
				TargetAttributes = {
					C583A921296A56DA00B416A6 = {
						CreatedOnToolsVersion = 14.1;
					};
				};
			};
			buildConfigurationList = C583A91D296A56DA00B416A6 /* Build configuration list for PBXProject "AppleMapUIKit" */;
			compatibilityVersion = "Xcode 14.0";
			developmentRegion = en;
			hasScannedForEncodings = 0;
			knownRegions = (
				en,
				Base,
			);
			mainGroup = C583A919296A56DA00B416A6;
			productRefGroup = C583A923296A56DA00B416A6 /* Products */;
			projectDirPath = "";
			projectRoot = "";
			targets = (
				C583A921296A56DA00B416A6 /* AppleMapUIKit */,
			);
		};
/* End PBXProject section */

/* Begin PBXResourcesBuildPhase section */
		C583A920296A56DA00B416A6 /* Resources */ = {
			isa = PBXResourcesBuildPhase;
			buildActionMask = 2147483647;
			files = (
				C583A932296A56DC00B416A6 /* LaunchScreen.storyboard in Resources */,
				C583A92F296A56DC00B416A6 /* Assets.xcassets in Resources */,
			);
			runOnlyForDeploymentPostprocessing = 0;
		};
/* End PBXResourcesBuildPhase section */

/* Begin PBXSourcesBuildPhase section */
		C583A91E296A56DA00B416A6 /* Sources */ = {
			isa = PBXSourcesBuildPhase;
			buildActionMask = 2147483647;
			files = (
				C583A92A296A56DA00B416A6 /* MainViewController.swift in Sources */,
				C583A93E296A86DA00B416A6 /* UICollectionViewReusableView+Extension.swift in Sources */,
				C583A926296A56DA00B416A6 /* AppDelegate.swift in Sources */,
				C5EE4050296E59B800BA691B /* MapButtons.swift in Sources */,
				C583A941296A88D000B416A6 /* CarouselButtonCell.swift in Sources */,
				C5EE404B296E368900BA691B /* NotificationName+Extension.swift in Sources */,
				C5EE4045296DC71B00BA691B /* HorizontalSearchListRow.swift in Sources */,
				C5EE4043296DC71B00BA691B /* HorizontalButtonView.swift in Sources */,
				C583A949296B47D300B416A6 /* BottomSheetControllerViewModel.swift in Sources */,
				C583A943296A8A0200B416A6 /* UIStackView+Extensions.swift in Sources */,
				C5EE4049296DC72F00BA691B /* CustomPresentationDetents.swift in Sources */,
				C583A94D296B524700B416A6 /* HorizontalSearchModel.swift in Sources */,
				C5EE4037296DC08A00BA691B /* SearchBarCell.swift in Sources */,
				C5EE404D296E4D8D00BA691B /* MainViewControllerViewModel.swift in Sources */,
				C5EE403C296DC70D00BA691B /* AppleMapUIView.swift in Sources */,
				C5EE4033296D100B00BA691B /* ListStyleCollectionViewHeader.swift in Sources */,
				C58062A1296CD23A0028A2D3 /* CarouselButtonModel.swift in Sources */,
				C5EE4044296DC71B00BA691B /* SearchBarView.swift in Sources */,
				C5EE4047296DC72400BA691B /* MainViewModel.swift in Sources */,
				C5EE403E296DC71400BA691B /* BottomSheetMainView.swift in Sources */,
				C5EE4039296DC4B500BA691B /* SelectionViewController.swift in Sources */,
				C583A928296A56DA00B416A6 /* SceneDelegate.swift in Sources */,
				C58062A3296CD6520028A2D3 /* HorizontalSearchCell.swift in Sources */,
				C5EE4052296E5A2400BA691B /* MapButtonSingleView.swift in Sources */,
				C583A93A296A5E8900B416A6 /* BottomSheetViewController.swift in Sources */,
				C583A94B296B524000B416A6 /* HorizontalSearchType.swift in Sources */,
			);
			runOnlyForDeploymentPostprocessing = 0;
		};
/* End PBXSourcesBuildPhase section */

/* Begin PBXVariantGroup section */
		C583A930296A56DC00B416A6 /* LaunchScreen.storyboard */ = {
			isa = PBXVariantGroup;
			children = (
				C583A931296A56DC00B416A6 /* Base */,
			);
			name = LaunchScreen.storyboard;
			sourceTree = "<group>";
		};
/* End PBXVariantGroup section */

/* Begin XCBuildConfiguration section */
		C583A934296A56DC00B416A6 /* Debug */ = {
			isa = XCBuildConfiguration;
			buildSettings = {
				ALWAYS_SEARCH_USER_PATHS = NO;
				CLANG_ANALYZER_NONNULL = YES;
				CLANG_ANALYZER_NUMBER_OBJECT_CONVERSION = YES_AGGRESSIVE;
				CLANG_CXX_LANGUAGE_STANDARD = "gnu++20";
				CLANG_ENABLE_MODULES = YES;
				CLANG_ENABLE_OBJC_ARC = YES;
				CLANG_ENABLE_OBJC_WEAK = YES;
				CLANG_WARN_BLOCK_CAPTURE_AUTORELEASING = YES;
				CLANG_WARN_BOOL_CONVERSION = YES;
				CLANG_WARN_COMMA = YES;
				CLANG_WARN_CONSTANT_CONVERSION = YES;
				CLANG_WARN_DEPRECATED_OBJC_IMPLEMENTATIONS = YES;
				CLANG_WARN_DIRECT_OBJC_ISA_USAGE = YES_ERROR;
				CLANG_WARN_DOCUMENTATION_COMMENTS = YES;
				CLANG_WARN_EMPTY_BODY = YES;
				CLANG_WARN_ENUM_CONVERSION = YES;
				CLANG_WARN_INFINITE_RECURSION = YES;
				CLANG_WARN_INT_CONVERSION = YES;
				CLANG_WARN_NON_LITERAL_NULL_CONVERSION = YES;
				CLANG_WARN_OBJC_IMPLICIT_RETAIN_SELF = YES;
				CLANG_WARN_OBJC_LITERAL_CONVERSION = YES;
				CLANG_WARN_OBJC_ROOT_CLASS = YES_ERROR;
				CLANG_WARN_QUOTED_INCLUDE_IN_FRAMEWORK_HEADER = YES;
				CLANG_WARN_RANGE_LOOP_ANALYSIS = YES;
				CLANG_WARN_STRICT_PROTOTYPES = YES;
				CLANG_WARN_SUSPICIOUS_MOVE = YES;
				CLANG_WARN_UNGUARDED_AVAILABILITY = YES_AGGRESSIVE;
				CLANG_WARN_UNREACHABLE_CODE = YES;
				CLANG_WARN__DUPLICATE_METHOD_MATCH = YES;
				COPY_PHASE_STRIP = NO;
				DEBUG_INFORMATION_FORMAT = dwarf;
				ENABLE_STRICT_OBJC_MSGSEND = YES;
				ENABLE_TESTABILITY = YES;
				GCC_C_LANGUAGE_STANDARD = gnu11;
				GCC_DYNAMIC_NO_PIC = NO;
				GCC_NO_COMMON_BLOCKS = YES;
				GCC_OPTIMIZATION_LEVEL = 0;
				GCC_PREPROCESSOR_DEFINITIONS = (
					"DEBUG=1",
					"$(inherited)",
				);
				GCC_WARN_64_TO_32_BIT_CONVERSION = YES;
				GCC_WARN_ABOUT_RETURN_TYPE = YES_ERROR;
				GCC_WARN_UNDECLARED_SELECTOR = YES;
				GCC_WARN_UNINITIALIZED_AUTOS = YES_AGGRESSIVE;
				GCC_WARN_UNUSED_FUNCTION = YES;
				GCC_WARN_UNUSED_VARIABLE = YES;
				IPHONEOS_DEPLOYMENT_TARGET = 16.1;
				MTL_ENABLE_DEBUG_INFO = INCLUDE_SOURCE;
				MTL_FAST_MATH = YES;
				ONLY_ACTIVE_ARCH = YES;
				SDKROOT = iphoneos;
				SWIFT_ACTIVE_COMPILATION_CONDITIONS = DEBUG;
				SWIFT_OPTIMIZATION_LEVEL = "-Onone";
			};
			name = Debug;
		};
		C583A935296A56DC00B416A6 /* Release */ = {
			isa = XCBuildConfiguration;
			buildSettings = {
				ALWAYS_SEARCH_USER_PATHS = NO;
				CLANG_ANALYZER_NONNULL = YES;
				CLANG_ANALYZER_NUMBER_OBJECT_CONVERSION = YES_AGGRESSIVE;
				CLANG_CXX_LANGUAGE_STANDARD = "gnu++20";
				CLANG_ENABLE_MODULES = YES;
				CLANG_ENABLE_OBJC_ARC = YES;
				CLANG_ENABLE_OBJC_WEAK = YES;
				CLANG_WARN_BLOCK_CAPTURE_AUTORELEASING = YES;
				CLANG_WARN_BOOL_CONVERSION = YES;
				CLANG_WARN_COMMA = YES;
				CLANG_WARN_CONSTANT_CONVERSION = YES;
				CLANG_WARN_DEPRECATED_OBJC_IMPLEMENTATIONS = YES;
				CLANG_WARN_DIRECT_OBJC_ISA_USAGE = YES_ERROR;
				CLANG_WARN_DOCUMENTATION_COMMENTS = YES;
				CLANG_WARN_EMPTY_BODY = YES;
				CLANG_WARN_ENUM_CONVERSION = YES;
				CLANG_WARN_INFINITE_RECURSION = YES;
				CLANG_WARN_INT_CONVERSION = YES;
				CLANG_WARN_NON_LITERAL_NULL_CONVERSION = YES;
				CLANG_WARN_OBJC_IMPLICIT_RETAIN_SELF = YES;
				CLANG_WARN_OBJC_LITERAL_CONVERSION = YES;
				CLANG_WARN_OBJC_ROOT_CLASS = YES_ERROR;
				CLANG_WARN_QUOTED_INCLUDE_IN_FRAMEWORK_HEADER = YES;
				CLANG_WARN_RANGE_LOOP_ANALYSIS = YES;
				CLANG_WARN_STRICT_PROTOTYPES = YES;
				CLANG_WARN_SUSPICIOUS_MOVE = YES;
				CLANG_WARN_UNGUARDED_AVAILABILITY = YES_AGGRESSIVE;
				CLANG_WARN_UNREACHABLE_CODE = YES;
				CLANG_WARN__DUPLICATE_METHOD_MATCH = YES;
				COPY_PHASE_STRIP = NO;
				DEBUG_INFORMATION_FORMAT = "dwarf-with-dsym";
				ENABLE_NS_ASSERTIONS = NO;
				ENABLE_STRICT_OBJC_MSGSEND = YES;
				GCC_C_LANGUAGE_STANDARD = gnu11;
				GCC_NO_COMMON_BLOCKS = YES;
				GCC_WARN_64_TO_32_BIT_CONVERSION = YES;
				GCC_WARN_ABOUT_RETURN_TYPE = YES_ERROR;
				GCC_WARN_UNDECLARED_SELECTOR = YES;
				GCC_WARN_UNINITIALIZED_AUTOS = YES_AGGRESSIVE;
				GCC_WARN_UNUSED_FUNCTION = YES;
				GCC_WARN_UNUSED_VARIABLE = YES;
				IPHONEOS_DEPLOYMENT_TARGET = 16.1;
				MTL_ENABLE_DEBUG_INFO = NO;
				MTL_FAST_MATH = YES;
				SDKROOT = iphoneos;
				SWIFT_COMPILATION_MODE = wholemodule;
				SWIFT_OPTIMIZATION_LEVEL = "-O";
				VALIDATE_PRODUCT = YES;
			};
			name = Release;
		};
		C583A937296A56DC00B416A6 /* Debug */ = {
			isa = XCBuildConfiguration;
			buildSettings = {
				ASSETCATALOG_COMPILER_APPICON_NAME = AppIcon;
				ASSETCATALOG_COMPILER_GLOBAL_ACCENT_COLOR_NAME = AccentColor;
				CODE_SIGN_STYLE = Automatic;
				CURRENT_PROJECT_VERSION = 1;
				DEVELOPMENT_TEAM = PR37X8G2V5;
				GENERATE_INFOPLIST_FILE = YES;
				INFOPLIST_FILE = AppleMapUIKit/Info.plist;
				INFOPLIST_KEY_UIApplicationSupportsIndirectInputEvents = YES;
				INFOPLIST_KEY_UILaunchStoryboardName = LaunchScreen;
				INFOPLIST_KEY_UISupportedInterfaceOrientations_iPad = "UIInterfaceOrientationPortrait UIInterfaceOrientationPortraitUpsideDown UIInterfaceOrientationLandscapeLeft UIInterfaceOrientationLandscapeRight";
				INFOPLIST_KEY_UISupportedInterfaceOrientations_iPhone = "UIInterfaceOrientationPortrait UIInterfaceOrientationLandscapeLeft UIInterfaceOrientationLandscapeRight";
				LD_RUNPATH_SEARCH_PATHS = (
					"$(inherited)",
					"@executable_path/Frameworks",
				);
				MARKETING_VERSION = 1.0;
				PRODUCT_BUNDLE_IDENTIFIER = com.djallil.dev.AppleMapUIKit;
				PRODUCT_NAME = "$(TARGET_NAME)";
				SWIFT_EMIT_LOC_STRINGS = YES;
				SWIFT_VERSION = 5.0;
				TARGETED_DEVICE_FAMILY = "1,2";
			};
			name = Debug;
		};
		C583A938296A56DC00B416A6 /* Release */ = {
			isa = XCBuildConfiguration;
			buildSettings = {
				ASSETCATALOG_COMPILER_APPICON_NAME = AppIcon;
				ASSETCATALOG_COMPILER_GLOBAL_ACCENT_COLOR_NAME = AccentColor;
				CODE_SIGN_STYLE = Automatic;
				CURRENT_PROJECT_VERSION = 1;
				DEVELOPMENT_TEAM = PR37X8G2V5;
				GENERATE_INFOPLIST_FILE = YES;
				INFOPLIST_FILE = AppleMapUIKit/Info.plist;
				INFOPLIST_KEY_UIApplicationSupportsIndirectInputEvents = YES;
				INFOPLIST_KEY_UILaunchStoryboardName = LaunchScreen;
				INFOPLIST_KEY_UISupportedInterfaceOrientations_iPad = "UIInterfaceOrientationPortrait UIInterfaceOrientationPortraitUpsideDown UIInterfaceOrientationLandscapeLeft UIInterfaceOrientationLandscapeRight";
				INFOPLIST_KEY_UISupportedInterfaceOrientations_iPhone = "UIInterfaceOrientationPortrait UIInterfaceOrientationLandscapeLeft UIInterfaceOrientationLandscapeRight";
				LD_RUNPATH_SEARCH_PATHS = (
					"$(inherited)",
					"@executable_path/Frameworks",
				);
				MARKETING_VERSION = 1.0;
				PRODUCT_BUNDLE_IDENTIFIER = com.djallil.dev.AppleMapUIKit;
				PRODUCT_NAME = "$(TARGET_NAME)";
				SWIFT_EMIT_LOC_STRINGS = YES;
				SWIFT_VERSION = 5.0;
				TARGETED_DEVICE_FAMILY = "1,2";
			};
			name = Release;
		};
/* End XCBuildConfiguration section */

/* Begin XCConfigurationList section */
		C583A91D296A56DA00B416A6 /* Build configuration list for PBXProject "AppleMapUIKit" */ = {
			isa = XCConfigurationList;
			buildConfigurations = (
				C583A934296A56DC00B416A6 /* Debug */,
				C583A935296A56DC00B416A6 /* Release */,
			);
			defaultConfigurationIsVisible = 0;
			defaultConfigurationName = Release;
		};
		C583A936296A56DC00B416A6 /* Build configuration list for PBXNativeTarget "AppleMapUIKit" */ = {
			isa = XCConfigurationList;
			buildConfigurations = (
				C583A937296A56DC00B416A6 /* Debug */,
				C583A938296A56DC00B416A6 /* Release */,
			);
			defaultConfigurationIsVisible = 0;
			defaultConfigurationName = Release;
		};
/* End XCConfigurationList section */
	};
	rootObject = C583A91A296A56DA00B416A6 /* Project object */;
}
